github.com/AppliedGoCourses/ConcurrencyDeepDive/mockdb v0.0.0-20220915185228-2a6783478286 h1:c8IK4S+tpuajDredtux+iO0Wp29hSN9wmqyTab3zg2E=
github.com/AppliedGoCourses/ConcurrencyDeepDive/mockdb v0.0.0-20220915185228-2a6783478286/go.mod h1:wW0d7Yb0KRtjPwf/qiQk0RDkD9mXLjLkghPuqTnZ8Oc=
golang.org/x/sync v0.1.0 h1:wsuoTGHzEhffawBOhz5CYhcrV4IdKZbEyZjBMuTp12o=
golang.org/x/sync v0.1.0/go.mod h1:RxMgew5VJxzue5/jJTE5uejpjVlOe/izrB70Jof72aM=
